
Microsoft Visual Studio Solution File, Format Version 11.00
# Visual Studio 2010
Project("{FAE04EC0-301F-11D3-BF4B-00C04F79EFBC}") = "Assembly-CSharp-firstpass", "Assembly-CSharp-firstpass.csproj", "{da82b6e6-f5f4-ed01-3171-99df1c228313}"
EndProject
Global
	GlobalSection(SolutionConfigurationPlatforms) = preSolution
		Debug|Any CPU = Debug|Any CPU
		Release|Any CPU = Release|Any CPU
	EndGlobalSection
	GlobalSection(ProjectConfigurationPlatforms) = postSolution
		{da82b6e6-f5f4-ed01-3171-99df1c228313}.Debug|Any CPU.ActiveCfg = Debug|Any CPU
		{da82b6e6-f5f4-ed01-3171-99df1c228313}.Debug|Any CPU.Build.0 = Debug|Any CPU
		{da82b6e6-f5f4-ed01-3171-99df1c228313}.Release|Any CPU.ActiveCfg = Release|Any CPU
		{da82b6e6-f5f4-ed01-3171-99df1c228313}.Release|Any CPU.Build.0 = Release|Any CPU
	EndGlobalSection
	GlobalSection(SolutionProperties) = preSolution
		HideSolutionNode = FALSE
	EndGlobalSection
EndGlobal
